
Microsoft Visual Studio Solution File, Format Version 12.00
Project("{FAE04EC0-301F-11D3-BF4B-00C04F79EFBC}") = "ApiBin_01", "ApiBin_01\ApiBin_01.csproj", "{86E0B906-F69C-459B-A785-E5378B813970}"
EndProject
Project("{FAE04EC0-301F-11D3-BF4B-00C04F79EFBC}") = "SoloTrader", "SoloTrader\SoloTrader.csproj", "{29A2B48B-34E8-4EE7-B530-7ABF2B1739FC}"
EndProject
Project("{FAE04EC0-301F-11D3-BF4B-00C04F79EFBC}") = "ApiService", "ApiService\ApiService.csproj", "{153826C6-11A9-4B2E-ACD1-349ECB06E6A1}"
EndProject
Global
	GlobalSection(SolutionConfigurationPlatforms) = preSolution
		Debug|Any CPU = Debug|Any CPU
		Release|Any CPU = Release|Any CPU
	EndGlobalSection
	GlobalSection(ProjectConfigurationPlatforms) = postSolution
		{86E0B906-F69C-459B-A785-E5378B813970}.Debug|Any CPU.ActiveCfg = Debug|Any CPU
		{86E0B906-F69C-459B-A785-E5378B813970}.Debug|Any CPU.Build.0 = Debug|Any CPU
		{86E0B906-F69C-459B-A785-E5378B813970}.Release|Any CPU.ActiveCfg = Release|Any CPU
		{86E0B906-F69C-459B-A785-E5378B813970}.Release|Any CPU.Build.0 = Release|Any CPU
		{29A2B48B-34E8-4EE7-B530-7ABF2B1739FC}.Debug|Any CPU.ActiveCfg = Debug|Any CPU
		{29A2B48B-34E8-4EE7-B530-7ABF2B1739FC}.Debug|Any CPU.Build.0 = Debug|Any CPU
		{29A2B48B-34E8-4EE7-B530-7ABF2B1739FC}.Release|Any CPU.ActiveCfg = Release|Any CPU
		{29A2B48B-34E8-4EE7-B530-7ABF2B1739FC}.Release|Any CPU.Build.0 = Release|Any CPU
		{153826C6-11A9-4B2E-ACD1-349ECB06E6A1}.Debug|Any CPU.ActiveCfg = Debug|Any CPU
		{153826C6-11A9-4B2E-ACD1-349ECB06E6A1}.Debug|Any CPU.Build.0 = Debug|Any CPU
		{153826C6-11A9-4B2E-ACD1-349ECB06E6A1}.Release|Any CPU.ActiveCfg = Release|Any CPU
		{153826C6-11A9-4B2E-ACD1-349ECB06E6A1}.Release|Any CPU.Build.0 = Release|Any CPU
	EndGlobalSection
EndGlobal
