
Microsoft Visual Studio Solution File, Format Version 12.00
Project("{FAE04EC0-301F-11D3-BF4B-00C04F79EFBC}") = "ApiBin_01_Secret", "ApiBin_01_Secret\ApiBin_01_Secret.csproj", "{86E0B906-F69C-459B-A785-E5378B813970}"
EndProject
Project("{FAE04EC0-301F-11D3-BF4B-00C04F79EFBC}") = "ApiBin_02_Api", "ApiBin_02_Api\ApiBin_02_Api.csproj", "{30F4CF65-7E59-445B-80F9-B4CF7ECF182F}"
EndProject
Global
	GlobalSection(SolutionConfigurationPlatforms) = preSolution
		Debug|Any CPU = Debug|Any CPU
		Release|Any CPU = Release|Any CPU
	EndGlobalSection
	GlobalSection(ProjectConfigurationPlatforms) = postSolution
		{86E0B906-F69C-459B-A785-E5378B813970}.Debug|Any CPU.ActiveCfg = Debug|Any CPU
		{86E0B906-F69C-459B-A785-E5378B813970}.Debug|Any CPU.Build.0 = Debug|Any CPU
		{86E0B906-F69C-459B-A785-E5378B813970}.Release|Any CPU.ActiveCfg = Release|Any CPU
		{86E0B906-F69C-459B-A785-E5378B813970}.Release|Any CPU.Build.0 = Release|Any CPU
		{30F4CF65-7E59-445B-80F9-B4CF7ECF182F}.Debug|Any CPU.ActiveCfg = Debug|Any CPU
		{30F4CF65-7E59-445B-80F9-B4CF7ECF182F}.Debug|Any CPU.Build.0 = Debug|Any CPU
		{30F4CF65-7E59-445B-80F9-B4CF7ECF182F}.Release|Any CPU.ActiveCfg = Release|Any CPU
		{30F4CF65-7E59-445B-80F9-B4CF7ECF182F}.Release|Any CPU.Build.0 = Release|Any CPU
	EndGlobalSection
EndGlobal
